<?xml version="1.0" encoding="utf-8"?>
<Project ToolsVersion="4.0" xmlns="http://schemas.microsoft.com/developer/msbuild/2003">
  <ItemGroup>
    <ClCompile Include="Button.cpp" />
    <ClCompile Include="GMIT_Hackaton_Team2.cpp" />
    <ClCompile Include="InputManager.cpp" />
    <ClCompile Include="Renderer.cpp" />
    <ClCompile Include="stdafx.cpp" />
    <ClCompile Include="Tower.cpp" />
  </ItemGroup>
  <ItemGroup>
<ClInclude Include="Button.h" />
    <ClInclude Include="InputManager.h" />
    <ClInclude Include="Base_Unit.hpp" />
    <ClInclude Include="CollisionResponder.h" />
    <ClInclude Include="Heavy_Unit.hpp" />
    <ClInclude Include="Light_Unit.hpp" />
    <ClInclude Include="Med_Unit.hpp" />
    <ClInclude Include="Platform.h" />
    <ClInclude Include="Renderer.h" />
    <ClInclude Include="stdafx.h" />
    <ClInclude Include="targetver.h" />
    <ClInclude Include="Tower.h" />
  </ItemGroup>
  <ItemGroup>
    <Text Include="ReadMe.txt" />
 <Text Include="ReadMe.txt" />
  </ItemGroup>
  <ItemGroup>
    <ClInclude Include="stdafx.h">
      <Filter>Header Files</Filter>
    </ClInclude>
    <ClInclude Include="targetver.h">
      <Filter>Header Files</Filter>
    </ClInclude>
    <ClInclude Include="Renderer.h">
      <Filter>Header Files</Filter>
    </ClInclude>
    <ClInclude Include="Tower.h">
      <Filter>Header Files</Filter>
    </ClInclude>
  </ItemGroup>
  <ItemGroup>
    <ClCompile Include="stdafx.cpp">
      <Filter>Source Files</Filter>
    </ClCompile>
    <ClCompile Include="GMIT_Hackaton_Team2.cpp">
      <Filter>Source Files</Filter>
    </ClCompile>
    <ClCompile Include="Renderer.cpp">
      <Filter>Source Files</Filter>
    </ClCompile>
    <ClCompile Include="Tower.cpp">
      <Filter>Source Files</Filter>
    </ClCompile>
</ItemGroup>
</Project>